// !$*UTF8*$!
{
	archiveVersion = 1;
	classes = {
	};
	objectVersion = 56;
	objects = {

/* Begin PBXBuildFile section */
		F321B0D22B5185E6009E416C /* CountryInfoViewController.swift in Sources */ = {isa = PBXBuildFile; fileRef = F321B0D02B5185E6009E416C /* CountryInfoViewController.swift */; };
		F321B0D32B5185E6009E416C /* CountryInfoViewController.xib in Resources */ = {isa = PBXBuildFile; fileRef = F321B0D12B5185E6009E416C /* CountryInfoViewController.xib */; };
		F321B0D62B51873E009E416C /* CountryInfoCollectionViewCell.swift in Sources */ = {isa = PBXBuildFile; fileRef = F321B0D42B51873E009E416C /* CountryInfoCollectionViewCell.swift */; };
		F321B0D72B51873E009E416C /* CountryInfoCollectionViewCell.xib in Resources */ = {isa = PBXBuildFile; fileRef = F321B0D52B51873E009E416C /* CountryInfoCollectionViewCell.xib */; };
		F321B0DA2B5187FA009E416C /* CountryInfoTableViewCell.swift in Sources */ = {isa = PBXBuildFile; fileRef = F321B0D82B5187FA009E416C /* CountryInfoTableViewCell.swift */; };
		F321B0DB2B5187FA009E416C /* CountryInfoTableViewCell.xib in Resources */ = {isa = PBXBuildFile; fileRef = F321B0D92B5187FA009E416C /* CountryInfoTableViewCell.xib */; };
		F321B0DE2B518819009E416C /* CountryDescriptionTableViewCell.swift in Sources */ = {isa = PBXBuildFile; fileRef = F321B0DC2B518819009E416C /* CountryDescriptionTableViewCell.swift */; };
		F321B0DF2B518819009E416C /* CountryDescriptionTableViewCell.xib in Resources */ = {isa = PBXBuildFile; fileRef = F321B0DD2B518819009E416C /* CountryDescriptionTableViewCell.xib */; };
		F321B0E12B518A0B009E416C /* PresenterCountryInfo.swift in Sources */ = {isa = PBXBuildFile; fileRef = F321B0E02B518A0B009E416C /* PresenterCountryInfo.swift */; };
		F321B0E42B543CEE009E416C /* ModelCountryInfo.swift in Sources */ = {isa = PBXBuildFile; fileRef = F321B0E32B543CEE009E416C /* ModelCountryInfo.swift */; };
		F321B0E62B548975009E416C /* PresenterCountryInfoProtocol.swift in Sources */ = {isa = PBXBuildFile; fileRef = F321B0E52B548975009E416C /* PresenterCountryInfoProtocol.swift */; };
		F321B0E82B5489AB009E416C /* CountryInfoViewControllerProtocol.swift in Sources */ = {isa = PBXBuildFile; fileRef = F321B0E72B5489AB009E416C /* CountryInfoViewControllerProtocol.swift */; };
		F34CB9C42B344A2300F8EF83 /* AppDelegate.swift in Sources */ = {isa = PBXBuildFile; fileRef = F34CB9C32B344A2300F8EF83 /* AppDelegate.swift */; };
		F34CB9C62B344A2300F8EF83 /* SceneDelegate.swift in Sources */ = {isa = PBXBuildFile; fileRef = F34CB9C52B344A2300F8EF83 /* SceneDelegate.swift */; };
		F34CB9CE2B344A2300F8EF83 /* CountriesListApp.xcdatamodeld in Sources */ = {isa = PBXBuildFile; fileRef = F34CB9CC2B344A2300F8EF83 /* CountriesListApp.xcdatamodeld */; };
		F34CB9D02B344A2400F8EF83 /* Assets.xcassets in Resources */ = {isa = PBXBuildFile; fileRef = F34CB9CF2B344A2400F8EF83 /* Assets.xcassets */; };
		F34CB9D32B344A2400F8EF83 /* LaunchScreen.storyboard in Resources */ = {isa = PBXBuildFile; fileRef = F34CB9D12B344A2400F8EF83 /* LaunchScreen.storyboard */; };
		F34CB9E02B344C0C00F8EF83 /* CountriesListModel.swift in Sources */ = {isa = PBXBuildFile; fileRef = F34CB9DF2B344C0C00F8EF83 /* CountriesListModel.swift */; };
		F34CB9E22B344C1D00F8EF83 /* CountriesListViewController.swift in Sources */ = {isa = PBXBuildFile; fileRef = F34CB9E12B344C1D00F8EF83 /* CountriesListViewController.swift */; };
		F34CB9E42B344C3D00F8EF83 /* CountriesListPresenter.swift in Sources */ = {isa = PBXBuildFile; fileRef = F34CB9E32B344C3D00F8EF83 /* CountriesListPresenter.swift */; };
		F34CB9E62B344C5100F8EF83 /* DataLoader.swift in Sources */ = {isa = PBXBuildFile; fileRef = F34CB9E52B344C5100F8EF83 /* DataLoader.swift */; };
		F34CB9E92B344CBC00F8EF83 /* Constants.swift in Sources */ = {isa = PBXBuildFile; fileRef = F34CB9E82B344CBC00F8EF83 /* Constants.swift */; };
		F371A7102B39C44B00ADB163 /* ImageLoader.swift in Sources */ = {isa = PBXBuildFile; fileRef = F371A70F2B39C44B00ADB163 /* ImageLoader.swift */; };
		F371A7142B48541D00ADB163 /* Errors.swift in Sources */ = {isa = PBXBuildFile; fileRef = F371A7132B48541D00ADB163 /* Errors.swift */; };
		F371A7182B4854C800ADB163 /* CoutriesListProtocol.swift in Sources */ = {isa = PBXBuildFile; fileRef = F371A7172B4854C800ADB163 /* CoutriesListProtocol.swift */; };
		F371A71B2B48552A00ADB163 /* PresenterProtocol.swift in Sources */ = {isa = PBXBuildFile; fileRef = F371A71A2B48552A00ADB163 /* PresenterProtocol.swift */; };
		F371A7222B4855B300ADB163 /* ImageLoaderProtocol.swift in Sources */ = {isa = PBXBuildFile; fileRef = F371A7212B4855B300ADB163 /* ImageLoaderProtocol.swift */; };
		F371A7262B48560B00ADB163 /* DataLoaderProtocol.swift in Sources */ = {isa = PBXBuildFile; fileRef = F371A7252B48560B00ADB163 /* DataLoaderProtocol.swift */; };
		F3A799222B39BB5D0084F48F /* CustomTableViewCell.swift in Sources */ = {isa = PBXBuildFile; fileRef = F3A799202B39BB5D0084F48F /* CustomTableViewCell.swift */; };
		F3A799232B39BB5D0084F48F /* CustomTableViewCell.xib in Resources */ = {isa = PBXBuildFile; fileRef = F3A799212B39BB5D0084F48F /* CustomTableViewCell.xib */; };
/* End PBXBuildFile section */

/* Begin PBXFileReference section */
		F321B0D02B5185E6009E416C /* CountryInfoViewController.swift */ = {isa = PBXFileReference; lastKnownFileType = sourcecode.swift; path = CountryInfoViewController.swift; sourceTree = "<group>"; };
		F321B0D12B5185E6009E416C /* CountryInfoViewController.xib */ = {isa = PBXFileReference; lastKnownFileType = file.xib; path = CountryInfoViewController.xib; sourceTree = "<group>"; };
		F321B0D42B51873E009E416C /* CountryInfoCollectionViewCell.swift */ = {isa = PBXFileReference; lastKnownFileType = sourcecode.swift; path = CountryInfoCollectionViewCell.swift; sourceTree = "<group>"; };
		F321B0D52B51873E009E416C /* CountryInfoCollectionViewCell.xib */ = {isa = PBXFileReference; lastKnownFileType = file.xib; path = CountryInfoCollectionViewCell.xib; sourceTree = "<group>"; };
		F321B0D82B5187FA009E416C /* CountryInfoTableViewCell.swift */ = {isa = PBXFileReference; lastKnownFileType = sourcecode.swift; path = CountryInfoTableViewCell.swift; sourceTree = "<group>"; };
		F321B0D92B5187FA009E416C /* CountryInfoTableViewCell.xib */ = {isa = PBXFileReference; lastKnownFileType = file.xib; path = CountryInfoTableViewCell.xib; sourceTree = "<group>"; };
		F321B0DC2B518819009E416C /* CountryDescriptionTableViewCell.swift */ = {isa = PBXFileReference; lastKnownFileType = sourcecode.swift; path = CountryDescriptionTableViewCell.swift; sourceTree = "<group>"; };
		F321B0DD2B518819009E416C /* CountryDescriptionTableViewCell.xib */ = {isa = PBXFileReference; lastKnownFileType = file.xib; path = CountryDescriptionTableViewCell.xib; sourceTree = "<group>"; };
		F321B0E02B518A0B009E416C /* PresenterCountryInfo.swift */ = {isa = PBXFileReference; lastKnownFileType = sourcecode.swift; path = PresenterCountryInfo.swift; sourceTree = "<group>"; };
		F321B0E32B543CEE009E416C /* ModelCountryInfo.swift */ = {isa = PBXFileReference; lastKnownFileType = sourcecode.swift; path = ModelCountryInfo.swift; sourceTree = "<group>"; };
		F321B0E52B548975009E416C /* PresenterCountryInfoProtocol.swift */ = {isa = PBXFileReference; lastKnownFileType = sourcecode.swift; path = PresenterCountryInfoProtocol.swift; sourceTree = "<group>"; };
		F321B0E72B5489AB009E416C /* CountryInfoViewControllerProtocol.swift */ = {isa = PBXFileReference; lastKnownFileType = sourcecode.swift; path = CountryInfoViewControllerProtocol.swift; sourceTree = "<group>"; };
		F34CB9C02B344A2300F8EF83 /* CountriesListApp.app */ = {isa = PBXFileReference; explicitFileType = wrapper.application; includeInIndex = 0; path = CountriesListApp.app; sourceTree = BUILT_PRODUCTS_DIR; };
		F34CB9C32B344A2300F8EF83 /* AppDelegate.swift */ = {isa = PBXFileReference; lastKnownFileType = sourcecode.swift; path = AppDelegate.swift; sourceTree = "<group>"; };
		F34CB9C52B344A2300F8EF83 /* SceneDelegate.swift */ = {isa = PBXFileReference; lastKnownFileType = sourcecode.swift; path = SceneDelegate.swift; sourceTree = "<group>"; };
		F34CB9CD2B344A2300F8EF83 /* CountriesListApp.xcdatamodel */ = {isa = PBXFileReference; lastKnownFileType = wrapper.xcdatamodel; path = CountriesListApp.xcdatamodel; sourceTree = "<group>"; };
		F34CB9CF2B344A2400F8EF83 /* Assets.xcassets */ = {isa = PBXFileReference; lastKnownFileType = folder.assetcatalog; path = Assets.xcassets; sourceTree = "<group>"; };
		F34CB9D22B344A2400F8EF83 /* Base */ = {isa = PBXFileReference; lastKnownFileType = file.storyboard; name = Base; path = Base.lproj/LaunchScreen.storyboard; sourceTree = "<group>"; };
		F34CB9D42B344A2400F8EF83 /* Info.plist */ = {isa = PBXFileReference; lastKnownFileType = text.plist.xml; path = Info.plist; sourceTree = "<group>"; };
		F34CB9DF2B344C0C00F8EF83 /* CountriesListModel.swift */ = {isa = PBXFileReference; lastKnownFileType = sourcecode.swift; path = CountriesListModel.swift; sourceTree = "<group>"; };
		F34CB9E12B344C1D00F8EF83 /* CountriesListViewController.swift */ = {isa = PBXFileReference; lastKnownFileType = sourcecode.swift; path = CountriesListViewController.swift; sourceTree = "<group>"; };
		F34CB9E32B344C3D00F8EF83 /* CountriesListPresenter.swift */ = {isa = PBXFileReference; lastKnownFileType = sourcecode.swift; path = CountriesListPresenter.swift; sourceTree = "<group>"; };
		F34CB9E52B344C5100F8EF83 /* DataLoader.swift */ = {isa = PBXFileReference; lastKnownFileType = sourcecode.swift; path = DataLoader.swift; sourceTree = "<group>"; };
		F34CB9E82B344CBC00F8EF83 /* Constants.swift */ = {isa = PBXFileReference; lastKnownFileType = sourcecode.swift; path = Constants.swift; sourceTree = "<group>"; };
		F371A70F2B39C44B00ADB163 /* ImageLoader.swift */ = {isa = PBXFileReference; lastKnownFileType = sourcecode.swift; path = ImageLoader.swift; sourceTree = "<group>"; };
		F371A7132B48541D00ADB163 /* Errors.swift */ = {isa = PBXFileReference; lastKnownFileType = sourcecode.swift; path = Errors.swift; sourceTree = "<group>"; };
		F371A7172B4854C800ADB163 /* CoutriesListProtocol.swift */ = {isa = PBXFileReference; lastKnownFileType = sourcecode.swift; path = CoutriesListProtocol.swift; sourceTree = "<group>"; };
		F371A71A2B48552A00ADB163 /* PresenterProtocol.swift */ = {isa = PBXFileReference; lastKnownFileType = sourcecode.swift; path = PresenterProtocol.swift; sourceTree = "<group>"; };
		F371A7212B4855B300ADB163 /* ImageLoaderProtocol.swift */ = {isa = PBXFileReference; lastKnownFileType = sourcecode.swift; path = ImageLoaderProtocol.swift; sourceTree = "<group>"; };
		F371A7252B48560B00ADB163 /* DataLoaderProtocol.swift */ = {isa = PBXFileReference; lastKnownFileType = sourcecode.swift; path = DataLoaderProtocol.swift; sourceTree = "<group>"; };
		F3A799202B39BB5D0084F48F /* CustomTableViewCell.swift */ = {isa = PBXFileReference; lastKnownFileType = sourcecode.swift; path = CustomTableViewCell.swift; sourceTree = "<group>"; };
		F3A799212B39BB5D0084F48F /* CustomTableViewCell.xib */ = {isa = PBXFileReference; lastKnownFileType = file.xib; path = CustomTableViewCell.xib; sourceTree = "<group>"; };
/* End PBXFileReference section */

/* Begin PBXFrameworksBuildPhase section */
		F34CB9BD2B344A2300F8EF83 /* Frameworks */ = {
			isa = PBXFrameworksBuildPhase;
			buildActionMask = 2147483647;
			files = (
			);
			runOnlyForDeploymentPostprocessing = 0;
		};
/* End PBXFrameworksBuildPhase section */

/* Begin PBXGroup section */
		F321B0CB2B518562009E416C /* CountryInfo */ = {
			isa = PBXGroup;
			children = (
				F321B0E22B543CD4009E416C /* Model */,
				F321B0CD2B51858F009E416C /* Presenter */,
				F321B0CC2B518587009E416C /* View */,
			);
			path = CountryInfo;
			sourceTree = "<group>";
		};
		F321B0CC2B518587009E416C /* View */ = {
			isa = PBXGroup;
			children = (
				F321B0CF2B5185B6009E416C /* Cells */,
				F321B0CE2B5185A6009E416C /* ViewController */,
			);
			path = View;
			sourceTree = "<group>";
		};
		F321B0CD2B51858F009E416C /* Presenter */ = {
			isa = PBXGroup;
			children = (
				F321B0E02B518A0B009E416C /* PresenterCountryInfo.swift */,
				F321B0E52B548975009E416C /* PresenterCountryInfoProtocol.swift */,
			);
			path = Presenter;
			sourceTree = "<group>";
		};
		F321B0CE2B5185A6009E416C /* ViewController */ = {
			isa = PBXGroup;
			children = (
				F321B0E72B5489AB009E416C /* CountryInfoViewControllerProtocol.swift */,
				F321B0D02B5185E6009E416C /* CountryInfoViewController.swift */,
				F321B0D12B5185E6009E416C /* CountryInfoViewController.xib */,
			);
			path = ViewController;
			sourceTree = "<group>";
		};
		F321B0CF2B5185B6009E416C /* Cells */ = {
			isa = PBXGroup;
			children = (
				F321B0D42B51873E009E416C /* CountryInfoCollectionViewCell.swift */,
				F321B0D52B51873E009E416C /* CountryInfoCollectionViewCell.xib */,
				F321B0D82B5187FA009E416C /* CountryInfoTableViewCell.swift */,
				F321B0D92B5187FA009E416C /* CountryInfoTableViewCell.xib */,
				F321B0DC2B518819009E416C /* CountryDescriptionTableViewCell.swift */,
				F321B0DD2B518819009E416C /* CountryDescriptionTableViewCell.xib */,
			);
			path = Cells;
			sourceTree = "<group>";
		};
		F321B0E22B543CD4009E416C /* Model */ = {
			isa = PBXGroup;
			children = (
				F321B0E32B543CEE009E416C /* ModelCountryInfo.swift */,
			);
			path = Model;
			sourceTree = "<group>";
		};
		F34CB9B72B344A2300F8EF83 = {
			isa = PBXGroup;
			children = (
				F34CB9C22B344A2300F8EF83 /* CountriesListApp */,
				F34CB9C12B344A2300F8EF83 /* Products */,
			);
			sourceTree = "<group>";
		};
		F34CB9C12B344A2300F8EF83 /* Products */ = {
			isa = PBXGroup;
			children = (
				F34CB9C02B344A2300F8EF83 /* CountriesListApp.app */,
			);
			name = Products;
			sourceTree = "<group>";
		};
		F34CB9C22B344A2300F8EF83 /* CountriesListApp */ = {
			isa = PBXGroup;
			children = (
				F321B0CB2B518562009E416C /* CountryInfo */,
				F34CB9DE2B344BDF00F8EF83 /* CountriesList */,
				F34CB9DD2B344BCF00F8EF83 /* Networking */,
				F371A7272B4856CB00ADB163 /* Errors */,
				F34CB9E72B344C9A00F8EF83 /* Constants */,
				F371A7282B485B4600ADB163 /* DelegateCoordinators */,
				F371A7292B485B5E00ADB163 /* Resources */,
				F34CB9CC2B344A2300F8EF83 /* CountriesListApp.xcdatamodeld */,
				F34CB9D42B344A2400F8EF83 /* Info.plist */,
			);
			path = CountriesListApp;
			sourceTree = "<group>";
		};
		F34CB9DA2B344BB900F8EF83 /* Model */ = {
			isa = PBXGroup;
			children = (
				F34CB9DF2B344C0C00F8EF83 /* CountriesListModel.swift */,
			);
			path = Model;
			sourceTree = "<group>";
		};
		F34CB9DB2B344BC100F8EF83 /* View */ = {
			isa = PBXGroup;
			children = (
				F371A7162B48549A00ADB163 /* ViewController */,
				F371A7152B48546F00ADB163 /* CustomTableViewCell */,
			);
			path = View;
			sourceTree = "<group>";
		};
		F34CB9DC2B344BC800F8EF83 /* Presenter */ = {
			isa = PBXGroup;
			children = (
				F34CB9E32B344C3D00F8EF83 /* CountriesListPresenter.swift */,
				F371A71A2B48552A00ADB163 /* PresenterProtocol.swift */,
			);
			path = Presenter;
			sourceTree = "<group>";
		};
		F34CB9DD2B344BCF00F8EF83 /* Networking */ = {
			isa = PBXGroup;
			children = (
				F371A71E2B48556B00ADB163 /* ImageLoader */,
				F371A71D2B48555100ADB163 /* DataLoader */,
			);
			path = Networking;
			sourceTree = "<group>";
		};
		F34CB9DE2B344BDF00F8EF83 /* CountriesList */ = {
			isa = PBXGroup;
			children = (
				F34CB9DA2B344BB900F8EF83 /* Model */,
				F34CB9DB2B344BC100F8EF83 /* View */,
				F34CB9DC2B344BC800F8EF83 /* Presenter */,
			);
			path = CountriesList;
			sourceTree = "<group>";
		};
		F34CB9E72B344C9A00F8EF83 /* Constants */ = {
			isa = PBXGroup;
			children = (
				F34CB9E82B344CBC00F8EF83 /* Constants.swift */,
			);
			path = Constants;
			sourceTree = "<group>";
		};
		F371A7152B48546F00ADB163 /* CustomTableViewCell */ = {
			isa = PBXGroup;
			children = (
				F3A799202B39BB5D0084F48F /* CustomTableViewCell.swift */,
				F3A799212B39BB5D0084F48F /* CustomTableViewCell.xib */,
			);
			path = CustomTableViewCell;
			sourceTree = "<group>";
		};
		F371A7162B48549A00ADB163 /* ViewController */ = {
			isa = PBXGroup;
			children = (
				F34CB9E12B344C1D00F8EF83 /* CountriesListViewController.swift */,
				F371A7172B4854C800ADB163 /* CoutriesListProtocol.swift */,
			);
			path = ViewController;
			sourceTree = "<group>";
		};
		F371A71D2B48555100ADB163 /* DataLoader */ = {
			isa = PBXGroup;
			children = (
				F371A7252B48560B00ADB163 /* DataLoaderProtocol.swift */,
				F34CB9E52B344C5100F8EF83 /* DataLoader.swift */,
			);
			path = DataLoader;
			sourceTree = "<group>";
		};
		F371A71E2B48556B00ADB163 /* ImageLoader */ = {
			isa = PBXGroup;
			children = (
				F371A70F2B39C44B00ADB163 /* ImageLoader.swift */,
				F371A7212B4855B300ADB163 /* ImageLoaderProtocol.swift */,
			);
			path = ImageLoader;
			sourceTree = "<group>";
		};
		F371A7272B4856CB00ADB163 /* Errors */ = {
			isa = PBXGroup;
			children = (
				F371A7132B48541D00ADB163 /* Errors.swift */,
			);
			path = Errors;
			sourceTree = "<group>";
		};
		F371A7282B485B4600ADB163 /* DelegateCoordinators */ = {
			isa = PBXGroup;
			children = (
				F34CB9C32B344A2300F8EF83 /* AppDelegate.swift */,
				F34CB9C52B344A2300F8EF83 /* SceneDelegate.swift */,
			);
			path = DelegateCoordinators;
			sourceTree = "<group>";
		};
		F371A7292B485B5E00ADB163 /* Resources */ = {
			isa = PBXGroup;
			children = (
				F34CB9CF2B344A2400F8EF83 /* Assets.xcassets */,
				F34CB9D12B344A2400F8EF83 /* LaunchScreen.storyboard */,
			);
			path = Resources;
			sourceTree = "<group>";
		};
/* End PBXGroup section */

/* Begin PBXNativeTarget section */
		F34CB9BF2B344A2300F8EF83 /* CountriesListApp */ = {
			isa = PBXNativeTarget;
			buildConfigurationList = F34CB9D72B344A2400F8EF83 /* Build configuration list for PBXNativeTarget "CountriesListApp" */;
			buildPhases = (
				F34CB9BC2B344A2300F8EF83 /* Sources */,
				F34CB9BD2B344A2300F8EF83 /* Frameworks */,
				F34CB9BE2B344A2300F8EF83 /* Resources */,
			);
			buildRules = (
			);
			dependencies = (
			);
			name = CountriesListApp;
			productName = CountriesListApp;
			productReference = F34CB9C02B344A2300F8EF83 /* CountriesListApp.app */;
			productType = "com.apple.product-type.application";
		};
/* End PBXNativeTarget section */

/* Begin PBXProject section */
		F34CB9B82B344A2300F8EF83 /* Project object */ = {
			isa = PBXProject;
			attributes = {
				BuildIndependentTargetsInParallel = 1;
				LastSwiftUpdateCheck = 1500;
				LastUpgradeCheck = 1500;
				TargetAttributes = {
					F34CB9BF2B344A2300F8EF83 = {
						CreatedOnToolsVersion = 15.0.1;
					};
				};
			};
			buildConfigurationList = F34CB9BB2B344A2300F8EF83 /* Build configuration list for PBXProject "CountriesListApp" */;
			compatibilityVersion = "Xcode 14.0";
			developmentRegion = en;
			hasScannedForEncodings = 0;
			knownRegions = (
				en,
				Base,
			);
			mainGroup = F34CB9B72B344A2300F8EF83;
			productRefGroup = F34CB9C12B344A2300F8EF83 /* Products */;
			projectDirPath = "";
			projectRoot = "";
			targets = (
				F34CB9BF2B344A2300F8EF83 /* CountriesListApp */,
			);
		};
/* End PBXProject section */

/* Begin PBXResourcesBuildPhase section */
		F34CB9BE2B344A2300F8EF83 /* Resources */ = {
			isa = PBXResourcesBuildPhase;
			buildActionMask = 2147483647;
			files = (
				F321B0D72B51873E009E416C /* CountryInfoCollectionViewCell.xib in Resources */,
				F34CB9D32B344A2400F8EF83 /* LaunchScreen.storyboard in Resources */,
				F321B0D32B5185E6009E416C /* CountryInfoViewController.xib in Resources */,
				F34CB9D02B344A2400F8EF83 /* Assets.xcassets in Resources */,
				F321B0DB2B5187FA009E416C /* CountryInfoTableViewCell.xib in Resources */,
				F3A799232B39BB5D0084F48F /* CustomTableViewCell.xib in Resources */,
				F321B0DF2B518819009E416C /* CountryDescriptionTableViewCell.xib in Resources */,
			);
			runOnlyForDeploymentPostprocessing = 0;
		};
/* End PBXResourcesBuildPhase section */

/* Begin PBXSourcesBuildPhase section */
		F34CB9BC2B344A2300F8EF83 /* Sources */ = {
			isa = PBXSourcesBuildPhase;
			buildActionMask = 2147483647;
			files = (
				F371A7182B4854C800ADB163 /* CoutriesListProtocol.swift in Sources */,
				F321B0E62B548975009E416C /* PresenterCountryInfoProtocol.swift in Sources */,
				F321B0E42B543CEE009E416C /* ModelCountryInfo.swift in Sources */,
				F34CB9E42B344C3D00F8EF83 /* CountriesListPresenter.swift in Sources */,
				F34CB9E02B344C0C00F8EF83 /* CountriesListModel.swift in Sources */,
				F321B0D62B51873E009E416C /* CountryInfoCollectionViewCell.swift in Sources */,
				F371A7102B39C44B00ADB163 /* ImageLoader.swift in Sources */,
				F321B0DE2B518819009E416C /* CountryDescriptionTableViewCell.swift in Sources */,
				F371A7222B4855B300ADB163 /* ImageLoaderProtocol.swift in Sources */,
				F3A799222B39BB5D0084F48F /* CustomTableViewCell.swift in Sources */,
				F371A7262B48560B00ADB163 /* DataLoaderProtocol.swift in Sources */,
				F321B0DA2B5187FA009E416C /* CountryInfoTableViewCell.swift in Sources */,
				F34CB9E22B344C1D00F8EF83 /* CountriesListViewController.swift in Sources */,
				F371A71B2B48552A00ADB163 /* PresenterProtocol.swift in Sources */,
				F321B0D22B5185E6009E416C /* CountryInfoViewController.swift in Sources */,
				F321B0E82B5489AB009E416C /* CountryInfoViewControllerProtocol.swift in Sources */,
				F34CB9E62B344C5100F8EF83 /* DataLoader.swift in Sources */,
				F34CB9C42B344A2300F8EF83 /* AppDelegate.swift in Sources */,
				F371A7142B48541D00ADB163 /* Errors.swift in Sources */,
				F34CB9CE2B344A2300F8EF83 /* CountriesListApp.xcdatamodeld in Sources */,
				F321B0E12B518A0B009E416C /* PresenterCountryInfo.swift in Sources */,
				F34CB9C62B344A2300F8EF83 /* SceneDelegate.swift in Sources */,
				F34CB9E92B344CBC00F8EF83 /* Constants.swift in Sources */,
			);
			runOnlyForDeploymentPostprocessing = 0;
		};
/* End PBXSourcesBuildPhase section */

/* Begin PBXVariantGroup section */
		F34CB9D12B344A2400F8EF83 /* LaunchScreen.storyboard */ = {
			isa = PBXVariantGroup;
			children = (
				F34CB9D22B344A2400F8EF83 /* Base */,
			);
			name = LaunchScreen.storyboard;
			sourceTree = "<group>";
		};
/* End PBXVariantGroup section */

/* Begin XCBuildConfiguration section */
		F34CB9D52B344A2400F8EF83 /* Debug */ = {
			isa = XCBuildConfiguration;
			buildSettings = {
				ALWAYS_SEARCH_USER_PATHS = NO;
				ASSETCATALOG_COMPILER_GENERATE_SWIFT_ASSET_SYMBOL_EXTENSIONS = YES;
				CLANG_ANALYZER_NONNULL = YES;
				CLANG_ANALYZER_NUMBER_OBJECT_CONVERSION = YES_AGGRESSIVE;
				CLANG_CXX_LANGUAGE_STANDARD = "gnu++20";
				CLANG_ENABLE_MODULES = YES;
				CLANG_ENABLE_OBJC_ARC = YES;
				CLANG_ENABLE_OBJC_WEAK = YES;
				CLANG_WARN_BLOCK_CAPTURE_AUTORELEASING = YES;
				CLANG_WARN_BOOL_CONVERSION = YES;
				CLANG_WARN_COMMA = YES;
				CLANG_WARN_CONSTANT_CONVERSION = YES;
				CLANG_WARN_DEPRECATED_OBJC_IMPLEMENTATIONS = YES;
				CLANG_WARN_DIRECT_OBJC_ISA_USAGE = YES_ERROR;
				CLANG_WARN_DOCUMENTATION_COMMENTS = YES;
				CLANG_WARN_EMPTY_BODY = YES;
				CLANG_WARN_ENUM_CONVERSION = YES;
				CLANG_WARN_INFINITE_RECURSION = YES;
				CLANG_WARN_INT_CONVERSION = YES;
				CLANG_WARN_NON_LITERAL_NULL_CONVERSION = YES;
				CLANG_WARN_OBJC_IMPLICIT_RETAIN_SELF = YES;
				CLANG_WARN_OBJC_LITERAL_CONVERSION = YES;
				CLANG_WARN_OBJC_ROOT_CLASS = YES_ERROR;
				CLANG_WARN_QUOTED_INCLUDE_IN_FRAMEWORK_HEADER = YES;
				CLANG_WARN_RANGE_LOOP_ANALYSIS = YES;
				CLANG_WARN_STRICT_PROTOTYPES = YES;
				CLANG_WARN_SUSPICIOUS_MOVE = YES;
				CLANG_WARN_UNGUARDED_AVAILABILITY = YES_AGGRESSIVE;
				CLANG_WARN_UNREACHABLE_CODE = YES;
				CLANG_WARN__DUPLICATE_METHOD_MATCH = YES;
				COPY_PHASE_STRIP = NO;
				DEBUG_INFORMATION_FORMAT = dwarf;
				ENABLE_STRICT_OBJC_MSGSEND = YES;
				ENABLE_TESTABILITY = YES;
				ENABLE_USER_SCRIPT_SANDBOXING = YES;
				GCC_C_LANGUAGE_STANDARD = gnu17;
				GCC_DYNAMIC_NO_PIC = NO;
				GCC_NO_COMMON_BLOCKS = YES;
				GCC_OPTIMIZATION_LEVEL = 0;
				GCC_PREPROCESSOR_DEFINITIONS = (
					"DEBUG=1",
					"$(inherited)",
				);
				GCC_WARN_64_TO_32_BIT_CONVERSION = YES;
				GCC_WARN_ABOUT_RETURN_TYPE = YES_ERROR;
				GCC_WARN_UNDECLARED_SELECTOR = YES;
				GCC_WARN_UNINITIALIZED_AUTOS = YES_AGGRESSIVE;
				GCC_WARN_UNUSED_FUNCTION = YES;
				GCC_WARN_UNUSED_VARIABLE = YES;
				IPHONEOS_DEPLOYMENT_TARGET = 17.0;
				LOCALIZATION_PREFERS_STRING_CATALOGS = YES;
				MTL_ENABLE_DEBUG_INFO = INCLUDE_SOURCE;
				MTL_FAST_MATH = YES;
				ONLY_ACTIVE_ARCH = YES;
				SDKROOT = iphoneos;
				SWIFT_ACTIVE_COMPILATION_CONDITIONS = "DEBUG $(inherited)";
				SWIFT_OPTIMIZATION_LEVEL = "-Onone";
			};
			name = Debug;
		};
		F34CB9D62B344A2400F8EF83 /* Release */ = {
			isa = XCBuildConfiguration;
			buildSettings = {
				ALWAYS_SEARCH_USER_PATHS = NO;
				ASSETCATALOG_COMPILER_GENERATE_SWIFT_ASSET_SYMBOL_EXTENSIONS = YES;
				CLANG_ANALYZER_NONNULL = YES;
				CLANG_ANALYZER_NUMBER_OBJECT_CONVERSION = YES_AGGRESSIVE;
				CLANG_CXX_LANGUAGE_STANDARD = "gnu++20";
				CLANG_ENABLE_MODULES = YES;
				CLANG_ENABLE_OBJC_ARC = YES;
				CLANG_ENABLE_OBJC_WEAK = YES;
				CLANG_WARN_BLOCK_CAPTURE_AUTORELEASING = YES;
				CLANG_WARN_BOOL_CONVERSION = YES;
				CLANG_WARN_COMMA = YES;
				CLANG_WARN_CONSTANT_CONVERSION = YES;
				CLANG_WARN_DEPRECATED_OBJC_IMPLEMENTATIONS = YES;
				CLANG_WARN_DIRECT_OBJC_ISA_USAGE = YES_ERROR;
				CLANG_WARN_DOCUMENTATION_COMMENTS = YES;
				CLANG_WARN_EMPTY_BODY = YES;
				CLANG_WARN_ENUM_CONVERSION = YES;
				CLANG_WARN_INFINITE_RECURSION = YES;
				CLANG_WARN_INT_CONVERSION = YES;
				CLANG_WARN_NON_LITERAL_NULL_CONVERSION = YES;
				CLANG_WARN_OBJC_IMPLICIT_RETAIN_SELF = YES;
				CLANG_WARN_OBJC_LITERAL_CONVERSION = YES;
				CLANG_WARN_OBJC_ROOT_CLASS = YES_ERROR;
				CLANG_WARN_QUOTED_INCLUDE_IN_FRAMEWORK_HEADER = YES;
				CLANG_WARN_RANGE_LOOP_ANALYSIS = YES;
				CLANG_WARN_STRICT_PROTOTYPES = YES;
				CLANG_WARN_SUSPICIOUS_MOVE = YES;
				CLANG_WARN_UNGUARDED_AVAILABILITY = YES_AGGRESSIVE;
				CLANG_WARN_UNREACHABLE_CODE = YES;
				CLANG_WARN__DUPLICATE_METHOD_MATCH = YES;
				COPY_PHASE_STRIP = NO;
				DEBUG_INFORMATION_FORMAT = "dwarf-with-dsym";
				ENABLE_NS_ASSERTIONS = NO;
				ENABLE_STRICT_OBJC_MSGSEND = YES;
				ENABLE_USER_SCRIPT_SANDBOXING = YES;
				GCC_C_LANGUAGE_STANDARD = gnu17;
				GCC_NO_COMMON_BLOCKS = YES;
				GCC_WARN_64_TO_32_BIT_CONVERSION = YES;
				GCC_WARN_ABOUT_RETURN_TYPE = YES_ERROR;
				GCC_WARN_UNDECLARED_SELECTOR = YES;
				GCC_WARN_UNINITIALIZED_AUTOS = YES_AGGRESSIVE;
				GCC_WARN_UNUSED_FUNCTION = YES;
				GCC_WARN_UNUSED_VARIABLE = YES;
				IPHONEOS_DEPLOYMENT_TARGET = 17.0;
				LOCALIZATION_PREFERS_STRING_CATALOGS = YES;
				MTL_ENABLE_DEBUG_INFO = NO;
				MTL_FAST_MATH = YES;
				SDKROOT = iphoneos;
				SWIFT_COMPILATION_MODE = wholemodule;
				VALIDATE_PRODUCT = YES;
			};
			name = Release;
		};
		F34CB9D82B344A2400F8EF83 /* Debug */ = {
			isa = XCBuildConfiguration;
			buildSettings = {
				ASSETCATALOG_COMPILER_APPICON_NAME = AppIcon;
				ASSETCATALOG_COMPILER_GLOBAL_ACCENT_COLOR_NAME = AccentColor;
				CODE_SIGN_STYLE = Automatic;
				CURRENT_PROJECT_VERSION = 1;
				DEVELOPMENT_TEAM = 7CB7M9962J;
				GENERATE_INFOPLIST_FILE = YES;
				INFOPLIST_FILE = CountriesListApp/Info.plist;
				INFOPLIST_KEY_UIApplicationSupportsIndirectInputEvents = YES;
				INFOPLIST_KEY_UILaunchStoryboardName = LaunchScreen;
				INFOPLIST_KEY_UIMainStoryboardFile = "";
				INFOPLIST_KEY_UISupportedInterfaceOrientations_iPad = "UIInterfaceOrientationPortrait UIInterfaceOrientationPortraitUpsideDown UIInterfaceOrientationLandscapeLeft UIInterfaceOrientationLandscapeRight";
				INFOPLIST_KEY_UISupportedInterfaceOrientations_iPhone = "UIInterfaceOrientationPortrait UIInterfaceOrientationLandscapeLeft UIInterfaceOrientationLandscapeRight";
				LD_RUNPATH_SEARCH_PATHS = (
					"$(inherited)",
					"@executable_path/Frameworks",
				);
				MARKETING_VERSION = 1.0;
				PRODUCT_BUNDLE_IDENTIFIER = "-23.CountriesListApp";
				PRODUCT_NAME = "$(TARGET_NAME)";
				SWIFT_EMIT_LOC_STRINGS = YES;
				SWIFT_VERSION = 5.0;
				TARGETED_DEVICE_FAMILY = "1,2";
			};
			name = Debug;
		};
		F34CB9D92B344A2400F8EF83 /* Release */ = {
			isa = XCBuildConfiguration;
			buildSettings = {
				ASSETCATALOG_COMPILER_APPICON_NAME = AppIcon;
				ASSETCATALOG_COMPILER_GLOBAL_ACCENT_COLOR_NAME = AccentColor;
				CODE_SIGN_STYLE = Automatic;
				CURRENT_PROJECT_VERSION = 1;
				DEVELOPMENT_TEAM = 7CB7M9962J;
				GENERATE_INFOPLIST_FILE = YES;
				INFOPLIST_FILE = CountriesListApp/Info.plist;
				INFOPLIST_KEY_UIApplicationSupportsIndirectInputEvents = YES;
				INFOPLIST_KEY_UILaunchStoryboardName = LaunchScreen;
				INFOPLIST_KEY_UIMainStoryboardFile = "";
				INFOPLIST_KEY_UISupportedInterfaceOrientations_iPad = "UIInterfaceOrientationPortrait UIInterfaceOrientationPortraitUpsideDown UIInterfaceOrientationLandscapeLeft UIInterfaceOrientationLandscapeRight";
				INFOPLIST_KEY_UISupportedInterfaceOrientations_iPhone = "UIInterfaceOrientationPortrait UIInterfaceOrientationLandscapeLeft UIInterfaceOrientationLandscapeRight";
				LD_RUNPATH_SEARCH_PATHS = (
					"$(inherited)",
					"@executable_path/Frameworks",
				);
				MARKETING_VERSION = 1.0;
				PRODUCT_BUNDLE_IDENTIFIER = "-23.CountriesListApp";
				PRODUCT_NAME = "$(TARGET_NAME)";
				SWIFT_EMIT_LOC_STRINGS = YES;
				SWIFT_VERSION = 5.0;
				TARGETED_DEVICE_FAMILY = "1,2";
			};
			name = Release;
		};
/* End XCBuildConfiguration section */

/* Begin XCConfigurationList section */
		F34CB9BB2B344A2300F8EF83 /* Build configuration list for PBXProject "CountriesListApp" */ = {
			isa = XCConfigurationList;
			buildConfigurations = (
				F34CB9D52B344A2400F8EF83 /* Debug */,
				F34CB9D62B344A2400F8EF83 /* Release */,
			);
			defaultConfigurationIsVisible = 0;
			defaultConfigurationName = Release;
		};
		F34CB9D72B344A2400F8EF83 /* Build configuration list for PBXNativeTarget "CountriesListApp" */ = {
			isa = XCConfigurationList;
			buildConfigurations = (
				F34CB9D82B344A2400F8EF83 /* Debug */,
				F34CB9D92B344A2400F8EF83 /* Release */,
			);
			defaultConfigurationIsVisible = 0;
			defaultConfigurationName = Release;
		};
/* End XCConfigurationList section */

/* Begin XCVersionGroup section */
		F34CB9CC2B344A2300F8EF83 /* CountriesListApp.xcdatamodeld */ = {
			isa = XCVersionGroup;
			children = (
				F34CB9CD2B344A2300F8EF83 /* CountriesListApp.xcdatamodel */,
			);
			currentVersion = F34CB9CD2B344A2300F8EF83 /* CountriesListApp.xcdatamodel */;
			path = CountriesListApp.xcdatamodeld;
			sourceTree = "<group>";
			versionGroupType = wrapper.xcdatamodel;
		};
/* End XCVersionGroup section */
	};
	rootObject = F34CB9B82B344A2300F8EF83 /* Project object */;
}
