// !$*UTF8*$!
{
	archiveVersion = 1;
	classes = {
	};
	objectVersion = 56;
	objects = {

/* Begin PBXBuildFile section */
		F34CB9C42B344A2300F8EF83 /* AppDelegate.swift in Sources */ = {isa = PBXBuildFile; fileRef = F34CB9C32B344A2300F8EF83 /* AppDelegate.swift */; };
		F34CB9C62B344A2300F8EF83 /* SceneDelegate.swift in Sources */ = {isa = PBXBuildFile; fileRef = F34CB9C52B344A2300F8EF83 /* SceneDelegate.swift */; };
		F34CB9C82B344A2300F8EF83 /* ViewController.swift in Sources */ = {isa = PBXBuildFile; fileRef = F34CB9C72B344A2300F8EF83 /* ViewController.swift */; };
		F34CB9CE2B344A2300F8EF83 /* CountriesListApp.xcdatamodeld in Sources */ = {isa = PBXBuildFile; fileRef = F34CB9CC2B344A2300F8EF83 /* CountriesListApp.xcdatamodeld */; };
		F34CB9D02B344A2400F8EF83 /* Assets.xcassets in Resources */ = {isa = PBXBuildFile; fileRef = F34CB9CF2B344A2400F8EF83 /* Assets.xcassets */; };
		F34CB9D32B344A2400F8EF83 /* LaunchScreen.storyboard in Resources */ = {isa = PBXBuildFile; fileRef = F34CB9D12B344A2400F8EF83 /* LaunchScreen.storyboard */; };
		F34CB9E02B344C0C00F8EF83 /* CountriesListModel.swift in Sources */ = {isa = PBXBuildFile; fileRef = F34CB9DF2B344C0C00F8EF83 /* CountriesListModel.swift */; };
		F34CB9E22B344C1D00F8EF83 /* CountriesListViewController.swift in Sources */ = {isa = PBXBuildFile; fileRef = F34CB9E12B344C1D00F8EF83 /* CountriesListViewController.swift */; };
		F34CB9E42B344C3D00F8EF83 /* CountriesListPresenter.swift in Sources */ = {isa = PBXBuildFile; fileRef = F34CB9E32B344C3D00F8EF83 /* CountriesListPresenter.swift */; };
		F34CB9E62B344C5100F8EF83 /* CountriesLoader.swift in Sources */ = {isa = PBXBuildFile; fileRef = F34CB9E52B344C5100F8EF83 /* CountriesLoader.swift */; };
		F34CB9E92B344CBC00F8EF83 /* Constants.swift in Sources */ = {isa = PBXBuildFile; fileRef = F34CB9E82B344CBC00F8EF83 /* Constants.swift */; };
		F371A7102B39C44B00ADB163 /* ImageLoader.swift in Sources */ = {isa = PBXBuildFile; fileRef = F371A70F2B39C44B00ADB163 /* ImageLoader.swift */; };
		F371A7122B39DB3400ADB163 /* Extensions.swift in Sources */ = {isa = PBXBuildFile; fileRef = F371A7112B39DB3400ADB163 /* Extensions.swift */; };
		F37A98992B3601DA004F811D /* CountriesProtocols.swift in Sources */ = {isa = PBXBuildFile; fileRef = F37A98982B3601DA004F811D /* CountriesProtocols.swift */; };
		F3A799222B39BB5D0084F48F /* CustomTableViewCell.swift in Sources */ = {isa = PBXBuildFile; fileRef = F3A799202B39BB5D0084F48F /* CustomTableViewCell.swift */; };
		F3A799232B39BB5D0084F48F /* CustomTableViewCell.xib in Resources */ = {isa = PBXBuildFile; fileRef = F3A799212B39BB5D0084F48F /* CustomTableViewCell.xib */; };
/* End PBXBuildFile section */

/* Begin PBXFileReference section */
		F34CB9C02B344A2300F8EF83 /* CountriesListApp.app */ = {isa = PBXFileReference; explicitFileType = wrapper.application; includeInIndex = 0; path = CountriesListApp.app; sourceTree = BUILT_PRODUCTS_DIR; };
		F34CB9C32B344A2300F8EF83 /* AppDelegate.swift */ = {isa = PBXFileReference; lastKnownFileType = sourcecode.swift; path = AppDelegate.swift; sourceTree = "<group>"; };
		F34CB9C52B344A2300F8EF83 /* SceneDelegate.swift */ = {isa = PBXFileReference; lastKnownFileType = sourcecode.swift; path = SceneDelegate.swift; sourceTree = "<group>"; };
		F34CB9C72B344A2300F8EF83 /* ViewController.swift */ = {isa = PBXFileReference; lastKnownFileType = sourcecode.swift; path = ViewController.swift; sourceTree = "<group>"; };
		F34CB9CD2B344A2300F8EF83 /* CountriesListApp.xcdatamodel */ = {isa = PBXFileReference; lastKnownFileType = wrapper.xcdatamodel; path = CountriesListApp.xcdatamodel; sourceTree = "<group>"; };
		F34CB9CF2B344A2400F8EF83 /* Assets.xcassets */ = {isa = PBXFileReference; lastKnownFileType = folder.assetcatalog; path = Assets.xcassets; sourceTree = "<group>"; };
		F34CB9D22B344A2400F8EF83 /* Base */ = {isa = PBXFileReference; lastKnownFileType = file.storyboard; name = Base; path = Base.lproj/LaunchScreen.storyboard; sourceTree = "<group>"; };
		F34CB9D42B344A2400F8EF83 /* Info.plist */ = {isa = PBXFileReference; lastKnownFileType = text.plist.xml; path = Info.plist; sourceTree = "<group>"; };
		F34CB9DF2B344C0C00F8EF83 /* CountriesListModel.swift */ = {isa = PBXFileReference; lastKnownFileType = sourcecode.swift; path = CountriesListModel.swift; sourceTree = "<group>"; };
		F34CB9E12B344C1D00F8EF83 /* CountriesListViewController.swift */ = {isa = PBXFileReference; lastKnownFileType = sourcecode.swift; path = CountriesListViewController.swift; sourceTree = "<group>"; };
		F34CB9E32B344C3D00F8EF83 /* CountriesListPresenter.swift */ = {isa = PBXFileReference; lastKnownFileType = sourcecode.swift; path = CountriesListPresenter.swift; sourceTree = "<group>"; };
		F34CB9E52B344C5100F8EF83 /* CountriesLoader.swift */ = {isa = PBXFileReference; lastKnownFileType = sourcecode.swift; path = CountriesLoader.swift; sourceTree = "<group>"; };
		F34CB9E82B344CBC00F8EF83 /* Constants.swift */ = {isa = PBXFileReference; lastKnownFileType = sourcecode.swift; path = Constants.swift; sourceTree = "<group>"; };
		F371A70F2B39C44B00ADB163 /* ImageLoader.swift */ = {isa = PBXFileReference; lastKnownFileType = sourcecode.swift; path = ImageLoader.swift; sourceTree = "<group>"; };
		F371A7112B39DB3400ADB163 /* Extensions.swift */ = {isa = PBXFileReference; lastKnownFileType = sourcecode.swift; path = Extensions.swift; sourceTree = "<group>"; };
		F37A98982B3601DA004F811D /* CountriesProtocols.swift */ = {isa = PBXFileReference; lastKnownFileType = sourcecode.swift; path = CountriesProtocols.swift; sourceTree = "<group>"; };
		F3A799202B39BB5D0084F48F /* CustomTableViewCell.swift */ = {isa = PBXFileReference; lastKnownFileType = sourcecode.swift; path = CustomTableViewCell.swift; sourceTree = "<group>"; };
		F3A799212B39BB5D0084F48F /* CustomTableViewCell.xib */ = {isa = PBXFileReference; lastKnownFileType = file.xib; path = CustomTableViewCell.xib; sourceTree = "<group>"; };
/* End PBXFileReference section */

/* Begin PBXFrameworksBuildPhase section */
		F34CB9BD2B344A2300F8EF83 /* Frameworks */ = {
			isa = PBXFrameworksBuildPhase;
			buildActionMask = 2147483647;
			files = (
			);
			runOnlyForDeploymentPostprocessing = 0;
		};
/* End PBXFrameworksBuildPhase section */

/* Begin PBXGroup section */
		F34CB9B72B344A2300F8EF83 = {
			isa = PBXGroup;
			children = (
				F34CB9C22B344A2300F8EF83 /* CountriesListApp */,
				F34CB9C12B344A2300F8EF83 /* Products */,
			);
			sourceTree = "<group>";
		};
		F34CB9C12B344A2300F8EF83 /* Products */ = {
			isa = PBXGroup;
			children = (
				F34CB9C02B344A2300F8EF83 /* CountriesListApp.app */,
			);
			name = Products;
			sourceTree = "<group>";
		};
		F34CB9C22B344A2300F8EF83 /* CountriesListApp */ = {
			isa = PBXGroup;
			children = (
				F34CB9E72B344C9A00F8EF83 /* Helpers */,
				F34CB9DE2B344BDF00F8EF83 /* CountriesList */,
				F34CB9C32B344A2300F8EF83 /* AppDelegate.swift */,
				F34CB9C52B344A2300F8EF83 /* SceneDelegate.swift */,
				F34CB9C72B344A2300F8EF83 /* ViewController.swift */,
				F34CB9CF2B344A2400F8EF83 /* Assets.xcassets */,
				F34CB9D12B344A2400F8EF83 /* LaunchScreen.storyboard */,
				F34CB9D42B344A2400F8EF83 /* Info.plist */,
				F34CB9CC2B344A2300F8EF83 /* CountriesListApp.xcdatamodeld */,
			);
			path = CountriesListApp;
			sourceTree = "<group>";
		};
		F34CB9DA2B344BB900F8EF83 /* Model */ = {
			isa = PBXGroup;
			children = (
				F34CB9DF2B344C0C00F8EF83 /* CountriesListModel.swift */,
			);
			path = Model;
			sourceTree = "<group>";
		};
		F34CB9DB2B344BC100F8EF83 /* View */ = {
			isa = PBXGroup;
			children = (
				F34CB9E12B344C1D00F8EF83 /* CountriesListViewController.swift */,
				F3A799202B39BB5D0084F48F /* CustomTableViewCell.swift */,
				F3A799212B39BB5D0084F48F /* CustomTableViewCell.xib */,
			);
			path = View;
			sourceTree = "<group>";
		};
		F34CB9DC2B344BC800F8EF83 /* Presenter */ = {
			isa = PBXGroup;
			children = (
				F34CB9E32B344C3D00F8EF83 /* CountriesListPresenter.swift */,
			);
			path = Presenter;
			sourceTree = "<group>";
		};
		F34CB9DD2B344BCF00F8EF83 /* Networking */ = {
			isa = PBXGroup;
			children = (
				F34CB9E52B344C5100F8EF83 /* CountriesLoader.swift */,
				F371A70F2B39C44B00ADB163 /* ImageLoader.swift */,
			);
			path = Networking;
			sourceTree = "<group>";
		};
		F34CB9DE2B344BDF00F8EF83 /* CountriesList */ = {
			isa = PBXGroup;
			children = (
				F34CB9DA2B344BB900F8EF83 /* Model */,
				F34CB9DB2B344BC100F8EF83 /* View */,
				F34CB9DC2B344BC800F8EF83 /* Presenter */,
				F34CB9DD2B344BCF00F8EF83 /* Networking */,
			);
			path = CountriesList;
			sourceTree = "<group>";
		};
		F34CB9E72B344C9A00F8EF83 /* Helpers */ = {
			isa = PBXGroup;
			children = (
				F34CB9E82B344CBC00F8EF83 /* Constants.swift */,
				F37A98982B3601DA004F811D /* CountriesProtocols.swift */,
				F371A7112B39DB3400ADB163 /* Extensions.swift */,
			);
			path = Helpers;
			sourceTree = "<group>";
		};
/* End PBXGroup section */

/* Begin PBXNativeTarget section */
		F34CB9BF2B344A2300F8EF83 /* CountriesListApp */ = {
			isa = PBXNativeTarget;
			buildConfigurationList = F34CB9D72B344A2400F8EF83 /* Build configuration list for PBXNativeTarget "CountriesListApp" */;
			buildPhases = (
				F34CB9BC2B344A2300F8EF83 /* Sources */,
				F34CB9BD2B344A2300F8EF83 /* Frameworks */,
				F34CB9BE2B344A2300F8EF83 /* Resources */,
			);
			buildRules = (
			);
			dependencies = (
			);
			name = CountriesListApp;
			productName = CountriesListApp;
			productReference = F34CB9C02B344A2300F8EF83 /* CountriesListApp.app */;
			productType = "com.apple.product-type.application";
		};
/* End PBXNativeTarget section */

/* Begin PBXProject section */
		F34CB9B82B344A2300F8EF83 /* Project object */ = {
			isa = PBXProject;
			attributes = {
				BuildIndependentTargetsInParallel = 1;
				LastSwiftUpdateCheck = 1500;
				LastUpgradeCheck = 1500;
				TargetAttributes = {
					F34CB9BF2B344A2300F8EF83 = {
						CreatedOnToolsVersion = 15.0.1;
					};
				};
			};
			buildConfigurationList = F34CB9BB2B344A2300F8EF83 /* Build configuration list for PBXProject "CountriesListApp" */;
			compatibilityVersion = "Xcode 14.0";
			developmentRegion = en;
			hasScannedForEncodings = 0;
			knownRegions = (
				en,
				Base,
			);
			mainGroup = F34CB9B72B344A2300F8EF83;
			productRefGroup = F34CB9C12B344A2300F8EF83 /* Products */;
			projectDirPath = "";
			projectRoot = "";
			targets = (
				F34CB9BF2B344A2300F8EF83 /* CountriesListApp */,
			);
		};
/* End PBXProject section */

/* Begin PBXResourcesBuildPhase section */
		F34CB9BE2B344A2300F8EF83 /* Resources */ = {
			isa = PBXResourcesBuildPhase;
			buildActionMask = 2147483647;
			files = (
				F34CB9D32B344A2400F8EF83 /* LaunchScreen.storyboard in Resources */,
				F34CB9D02B344A2400F8EF83 /* Assets.xcassets in Resources */,
				F3A799232B39BB5D0084F48F /* CustomTableViewCell.xib in Resources */,
			);
			runOnlyForDeploymentPostprocessing = 0;
		};
/* End PBXResourcesBuildPhase section */

/* Begin PBXSourcesBuildPhase section */
		F34CB9BC2B344A2300F8EF83 /* Sources */ = {
			isa = PBXSourcesBuildPhase;
			buildActionMask = 2147483647;
			files = (
				F34CB9E42B344C3D00F8EF83 /* CountriesListPresenter.swift in Sources */,
				F34CB9E02B344C0C00F8EF83 /* CountriesListModel.swift in Sources */,
				F371A7102B39C44B00ADB163 /* ImageLoader.swift in Sources */,
				F3A799222B39BB5D0084F48F /* CustomTableViewCell.swift in Sources */,
				F34CB9E22B344C1D00F8EF83 /* CountriesListViewController.swift in Sources */,
				F34CB9E62B344C5100F8EF83 /* CountriesLoader.swift in Sources */,
				F34CB9C82B344A2300F8EF83 /* ViewController.swift in Sources */,
				F34CB9C42B344A2300F8EF83 /* AppDelegate.swift in Sources */,
				F371A7122B39DB3400ADB163 /* Extensions.swift in Sources */,
				F34CB9CE2B344A2300F8EF83 /* CountriesListApp.xcdatamodeld in Sources */,
				F34CB9C62B344A2300F8EF83 /* SceneDelegate.swift in Sources */,
				F37A98992B3601DA004F811D /* CountriesProtocols.swift in Sources */,
				F34CB9E92B344CBC00F8EF83 /* Constants.swift in Sources */,
			);
			runOnlyForDeploymentPostprocessing = 0;
		};
/* End PBXSourcesBuildPhase section */

/* Begin PBXVariantGroup section */
		F34CB9D12B344A2400F8EF83 /* LaunchScreen.storyboard */ = {
			isa = PBXVariantGroup;
			children = (
				F34CB9D22B344A2400F8EF83 /* Base */,
			);
			name = LaunchScreen.storyboard;
			sourceTree = "<group>";
		};
/* End PBXVariantGroup section */

/* Begin XCBuildConfiguration section */
		F34CB9D52B344A2400F8EF83 /* Debug */ = {
			isa = XCBuildConfiguration;
			buildSettings = {
				ALWAYS_SEARCH_USER_PATHS = NO;
				ASSETCATALOG_COMPILER_GENERATE_SWIFT_ASSET_SYMBOL_EXTENSIONS = YES;
				CLANG_ANALYZER_NONNULL = YES;
				CLANG_ANALYZER_NUMBER_OBJECT_CONVERSION = YES_AGGRESSIVE;
				CLANG_CXX_LANGUAGE_STANDARD = "gnu++20";
				CLANG_ENABLE_MODULES = YES;
				CLANG_ENABLE_OBJC_ARC = YES;
				CLANG_ENABLE_OBJC_WEAK = YES;
				CLANG_WARN_BLOCK_CAPTURE_AUTORELEASING = YES;
				CLANG_WARN_BOOL_CONVERSION = YES;
				CLANG_WARN_COMMA = YES;
				CLANG_WARN_CONSTANT_CONVERSION = YES;
				CLANG_WARN_DEPRECATED_OBJC_IMPLEMENTATIONS = YES;
				CLANG_WARN_DIRECT_OBJC_ISA_USAGE = YES_ERROR;
				CLANG_WARN_DOCUMENTATION_COMMENTS = YES;
				CLANG_WARN_EMPTY_BODY = YES;
				CLANG_WARN_ENUM_CONVERSION = YES;
				CLANG_WARN_INFINITE_RECURSION = YES;
				CLANG_WARN_INT_CONVERSION = YES;
				CLANG_WARN_NON_LITERAL_NULL_CONVERSION = YES;
				CLANG_WARN_OBJC_IMPLICIT_RETAIN_SELF = YES;
				CLANG_WARN_OBJC_LITERAL_CONVERSION = YES;
				CLANG_WARN_OBJC_ROOT_CLASS = YES_ERROR;
				CLANG_WARN_QUOTED_INCLUDE_IN_FRAMEWORK_HEADER = YES;
				CLANG_WARN_RANGE_LOOP_ANALYSIS = YES;
				CLANG_WARN_STRICT_PROTOTYPES = YES;
				CLANG_WARN_SUSPICIOUS_MOVE = YES;
				CLANG_WARN_UNGUARDED_AVAILABILITY = YES_AGGRESSIVE;
				CLANG_WARN_UNREACHABLE_CODE = YES;
				CLANG_WARN__DUPLICATE_METHOD_MATCH = YES;
				COPY_PHASE_STRIP = NO;
				DEBUG_INFORMATION_FORMAT = dwarf;
				ENABLE_STRICT_OBJC_MSGSEND = YES;
				ENABLE_TESTABILITY = YES;
				ENABLE_USER_SCRIPT_SANDBOXING = YES;
				GCC_C_LANGUAGE_STANDARD = gnu17;
				GCC_DYNAMIC_NO_PIC = NO;
				GCC_NO_COMMON_BLOCKS = YES;
				GCC_OPTIMIZATION_LEVEL = 0;
				GCC_PREPROCESSOR_DEFINITIONS = (
					"DEBUG=1",
					"$(inherited)",
				);
				GCC_WARN_64_TO_32_BIT_CONVERSION = YES;
				GCC_WARN_ABOUT_RETURN_TYPE = YES_ERROR;
				GCC_WARN_UNDECLARED_SELECTOR = YES;
				GCC_WARN_UNINITIALIZED_AUTOS = YES_AGGRESSIVE;
				GCC_WARN_UNUSED_FUNCTION = YES;
				GCC_WARN_UNUSED_VARIABLE = YES;
				IPHONEOS_DEPLOYMENT_TARGET = 17.0;
				LOCALIZATION_PREFERS_STRING_CATALOGS = YES;
				MTL_ENABLE_DEBUG_INFO = INCLUDE_SOURCE;
				MTL_FAST_MATH = YES;
				ONLY_ACTIVE_ARCH = YES;
				SDKROOT = iphoneos;
				SWIFT_ACTIVE_COMPILATION_CONDITIONS = "DEBUG $(inherited)";
				SWIFT_OPTIMIZATION_LEVEL = "-Onone";
			};
			name = Debug;
		};
		F34CB9D62B344A2400F8EF83 /* Release */ = {
			isa = XCBuildConfiguration;
			buildSettings = {
				ALWAYS_SEARCH_USER_PATHS = NO;
				ASSETCATALOG_COMPILER_GENERATE_SWIFT_ASSET_SYMBOL_EXTENSIONS = YES;
				CLANG_ANALYZER_NONNULL = YES;
				CLANG_ANALYZER_NUMBER_OBJECT_CONVERSION = YES_AGGRESSIVE;
				CLANG_CXX_LANGUAGE_STANDARD = "gnu++20";
				CLANG_ENABLE_MODULES = YES;
				CLANG_ENABLE_OBJC_ARC = YES;
				CLANG_ENABLE_OBJC_WEAK = YES;
				CLANG_WARN_BLOCK_CAPTURE_AUTORELEASING = YES;
				CLANG_WARN_BOOL_CONVERSION = YES;
				CLANG_WARN_COMMA = YES;
				CLANG_WARN_CONSTANT_CONVERSION = YES;
				CLANG_WARN_DEPRECATED_OBJC_IMPLEMENTATIONS = YES;
				CLANG_WARN_DIRECT_OBJC_ISA_USAGE = YES_ERROR;
				CLANG_WARN_DOCUMENTATION_COMMENTS = YES;
				CLANG_WARN_EMPTY_BODY = YES;
				CLANG_WARN_ENUM_CONVERSION = YES;
				CLANG_WARN_INFINITE_RECURSION = YES;
				CLANG_WARN_INT_CONVERSION = YES;
				CLANG_WARN_NON_LITERAL_NULL_CONVERSION = YES;
				CLANG_WARN_OBJC_IMPLICIT_RETAIN_SELF = YES;
				CLANG_WARN_OBJC_LITERAL_CONVERSION = YES;
				CLANG_WARN_OBJC_ROOT_CLASS = YES_ERROR;
				CLANG_WARN_QUOTED_INCLUDE_IN_FRAMEWORK_HEADER = YES;
				CLANG_WARN_RANGE_LOOP_ANALYSIS = YES;
				CLANG_WARN_STRICT_PROTOTYPES = YES;
				CLANG_WARN_SUSPICIOUS_MOVE = YES;
				CLANG_WARN_UNGUARDED_AVAILABILITY = YES_AGGRESSIVE;
				CLANG_WARN_UNREACHABLE_CODE = YES;
				CLANG_WARN__DUPLICATE_METHOD_MATCH = YES;
				COPY_PHASE_STRIP = NO;
				DEBUG_INFORMATION_FORMAT = "dwarf-with-dsym";
				ENABLE_NS_ASSERTIONS = NO;
				ENABLE_STRICT_OBJC_MSGSEND = YES;
				ENABLE_USER_SCRIPT_SANDBOXING = YES;
				GCC_C_LANGUAGE_STANDARD = gnu17;
				GCC_NO_COMMON_BLOCKS = YES;
				GCC_WARN_64_TO_32_BIT_CONVERSION = YES;
				GCC_WARN_ABOUT_RETURN_TYPE = YES_ERROR;
				GCC_WARN_UNDECLARED_SELECTOR = YES;
				GCC_WARN_UNINITIALIZED_AUTOS = YES_AGGRESSIVE;
				GCC_WARN_UNUSED_FUNCTION = YES;
				GCC_WARN_UNUSED_VARIABLE = YES;
				IPHONEOS_DEPLOYMENT_TARGET = 17.0;
				LOCALIZATION_PREFERS_STRING_CATALOGS = YES;
				MTL_ENABLE_DEBUG_INFO = NO;
				MTL_FAST_MATH = YES;
				SDKROOT = iphoneos;
				SWIFT_COMPILATION_MODE = wholemodule;
				VALIDATE_PRODUCT = YES;
			};
			name = Release;
		};
		F34CB9D82B344A2400F8EF83 /* Debug */ = {
			isa = XCBuildConfiguration;
			buildSettings = {
				ASSETCATALOG_COMPILER_APPICON_NAME = AppIcon;
				ASSETCATALOG_COMPILER_GLOBAL_ACCENT_COLOR_NAME = AccentColor;
				CODE_SIGN_STYLE = Automatic;
				CURRENT_PROJECT_VERSION = 1;
				DEVELOPMENT_TEAM = 7CB7M9962J;
				GENERATE_INFOPLIST_FILE = YES;
				INFOPLIST_FILE = CountriesListApp/Info.plist;
				INFOPLIST_KEY_UIApplicationSupportsIndirectInputEvents = YES;
				INFOPLIST_KEY_UILaunchStoryboardName = LaunchScreen;
				INFOPLIST_KEY_UIMainStoryboardFile = "";
				INFOPLIST_KEY_UISupportedInterfaceOrientations_iPad = "UIInterfaceOrientationPortrait UIInterfaceOrientationPortraitUpsideDown UIInterfaceOrientationLandscapeLeft UIInterfaceOrientationLandscapeRight";
				INFOPLIST_KEY_UISupportedInterfaceOrientations_iPhone = "UIInterfaceOrientationPortrait UIInterfaceOrientationLandscapeLeft UIInterfaceOrientationLandscapeRight";
				LD_RUNPATH_SEARCH_PATHS = (
					"$(inherited)",
					"@executable_path/Frameworks",
				);
				MARKETING_VERSION = 1.0;
				PRODUCT_BUNDLE_IDENTIFIER = "-23.CountriesListApp";
				PRODUCT_NAME = "$(TARGET_NAME)";
				SWIFT_EMIT_LOC_STRINGS = YES;
				SWIFT_VERSION = 5.0;
				TARGETED_DEVICE_FAMILY = "1,2";
			};
			name = Debug;
		};
		F34CB9D92B344A2400F8EF83 /* Release */ = {
			isa = XCBuildConfiguration;
			buildSettings = {
				ASSETCATALOG_COMPILER_APPICON_NAME = AppIcon;
				ASSETCATALOG_COMPILER_GLOBAL_ACCENT_COLOR_NAME = AccentColor;
				CODE_SIGN_STYLE = Automatic;
				CURRENT_PROJECT_VERSION = 1;
				DEVELOPMENT_TEAM = 7CB7M9962J;
				GENERATE_INFOPLIST_FILE = YES;
				INFOPLIST_FILE = CountriesListApp/Info.plist;
				INFOPLIST_KEY_UIApplicationSupportsIndirectInputEvents = YES;
				INFOPLIST_KEY_UILaunchStoryboardName = LaunchScreen;
				INFOPLIST_KEY_UIMainStoryboardFile = "";
				INFOPLIST_KEY_UISupportedInterfaceOrientations_iPad = "UIInterfaceOrientationPortrait UIInterfaceOrientationPortraitUpsideDown UIInterfaceOrientationLandscapeLeft UIInterfaceOrientationLandscapeRight";
				INFOPLIST_KEY_UISupportedInterfaceOrientations_iPhone = "UIInterfaceOrientationPortrait UIInterfaceOrientationLandscapeLeft UIInterfaceOrientationLandscapeRight";
				LD_RUNPATH_SEARCH_PATHS = (
					"$(inherited)",
					"@executable_path/Frameworks",
				);
				MARKETING_VERSION = 1.0;
				PRODUCT_BUNDLE_IDENTIFIER = "-23.CountriesListApp";
				PRODUCT_NAME = "$(TARGET_NAME)";
				SWIFT_EMIT_LOC_STRINGS = YES;
				SWIFT_VERSION = 5.0;
				TARGETED_DEVICE_FAMILY = "1,2";
			};
			name = Release;
		};
/* End XCBuildConfiguration section */

/* Begin XCConfigurationList section */
		F34CB9BB2B344A2300F8EF83 /* Build configuration list for PBXProject "CountriesListApp" */ = {
			isa = XCConfigurationList;
			buildConfigurations = (
				F34CB9D52B344A2400F8EF83 /* Debug */,
				F34CB9D62B344A2400F8EF83 /* Release */,
			);
			defaultConfigurationIsVisible = 0;
			defaultConfigurationName = Release;
		};
		F34CB9D72B344A2400F8EF83 /* Build configuration list for PBXNativeTarget "CountriesListApp" */ = {
			isa = XCConfigurationList;
			buildConfigurations = (
				F34CB9D82B344A2400F8EF83 /* Debug */,
				F34CB9D92B344A2400F8EF83 /* Release */,
			);
			defaultConfigurationIsVisible = 0;
			defaultConfigurationName = Release;
		};
/* End XCConfigurationList section */

/* Begin XCVersionGroup section */
		F34CB9CC2B344A2300F8EF83 /* CountriesListApp.xcdatamodeld */ = {
			isa = XCVersionGroup;
			children = (
				F34CB9CD2B344A2300F8EF83 /* CountriesListApp.xcdatamodel */,
			);
			currentVersion = F34CB9CD2B344A2300F8EF83 /* CountriesListApp.xcdatamodel */;
			path = CountriesListApp.xcdatamodeld;
			sourceTree = "<group>";
			versionGroupType = wrapper.xcdatamodel;
		};
/* End XCVersionGroup section */
	};
	rootObject = F34CB9B82B344A2300F8EF83 /* Project object */;
}
